// !$*UTF8*$!
{
	archiveVersion = 1;
	classes = {
	};
	objectVersion = 46;
	objects = {

/* Begin PBXBuildFile section */
		C89F517F1B4B1C70003711BD /* AppDelegate.swift in Sources */ = {isa = PBXBuildFile; fileRef = C89F517E1B4B1C70003711BD /* AppDelegate.swift */; };
		C89F51811B4B1C70003711BD /* ViewController.swift in Sources */ = {isa = PBXBuildFile; fileRef = C89F51801B4B1C70003711BD /* ViewController.swift */; };
		C89F51841B4B1C70003711BD /* Main.storyboard in Resources */ = {isa = PBXBuildFile; fileRef = C89F51821B4B1C70003711BD /* Main.storyboard */; };
		C89F51861B4B1C70003711BD /* Images.xcassets in Resources */ = {isa = PBXBuildFile; fileRef = C89F51851B4B1C70003711BD /* Images.xcassets */; };
		C89F51891B4B1C70003711BD /* LaunchScreen.xib in Resources */ = {isa = PBXBuildFile; fileRef = C89F51871B4B1C70003711BD /* LaunchScreen.xib */; };
		C89F51951B4B1C70003711BD /* TestNavigationTests.swift in Sources */ = {isa = PBXBuildFile; fileRef = C89F51941B4B1C70003711BD /* TestNavigationTests.swift */; };
/* End PBXBuildFile section */

/* Begin PBXContainerItemProxy section */
		C89F518F1B4B1C70003711BD /* PBXContainerItemProxy */ = {
			isa = PBXContainerItemProxy;
			containerPortal = C89F51711B4B1C70003711BD /* Project object */;
			proxyType = 1;
			remoteGlobalIDString = C89F51781B4B1C70003711BD;
			remoteInfo = TestNavigation;
		};
/* End PBXContainerItemProxy section */

/* Begin PBXFileReference section */
		C89F51791B4B1C70003711BD /* TestNavigation.app */ = {isa = PBXFileReference; explicitFileType = wrapper.application; includeInIndex = 0; path = TestNavigation.app; sourceTree = BUILT_PRODUCTS_DIR; };
		C89F517D1B4B1C70003711BD /* Info.plist */ = {isa = PBXFileReference; lastKnownFileType = text.plist.xml; path = Info.plist; sourceTree = "<group>"; };
		C89F517E1B4B1C70003711BD /* AppDelegate.swift */ = {isa = PBXFileReference; lastKnownFileType = sourcecode.swift; path = AppDelegate.swift; sourceTree = "<group>"; };
		C89F51801B4B1C70003711BD /* ViewController.swift */ = {isa = PBXFileReference; lastKnownFileType = sourcecode.swift; path = ViewController.swift; sourceTree = "<group>"; };
		C89F51831B4B1C70003711BD /* Base */ = {isa = PBXFileReference; lastKnownFileType = file.storyboard; name = Base; path = Base.lproj/Main.storyboard; sourceTree = "<group>"; };
		C89F51851B4B1C70003711BD /* Images.xcassets */ = {isa = PBXFileReference; lastKnownFileType = folder.assetcatalog; path = Images.xcassets; sourceTree = "<group>"; };
		C89F51881B4B1C70003711BD /* Base */ = {isa = PBXFileReference; lastKnownFileType = file.xib; name = Base; path = Base.lproj/LaunchScreen.xib; sourceTree = "<group>"; };
		C89F518E1B4B1C70003711BD /* TestNavigationTests.xctest */ = {isa = PBXFileReference; explicitFileType = wrapper.cfbundle; includeInIndex = 0; path = TestNavigationTests.xctest; sourceTree = BUILT_PRODUCTS_DIR; };
		C89F51931B4B1C70003711BD /* Info.plist */ = {isa = PBXFileReference; lastKnownFileType = text.plist.xml; path = Info.plist; sourceTree = "<group>"; };
		C89F51941B4B1C70003711BD /* TestNavigationTests.swift */ = {isa = PBXFileReference; lastKnownFileType = sourcecode.swift; path = TestNavigationTests.swift; sourceTree = "<group>"; };
/* End PBXFileReference section */

/* Begin PBXFrameworksBuildPhase section */
		C89F51761B4B1C70003711BD /* Frameworks */ = {
			isa = PBXFrameworksBuildPhase;
			buildActionMask = 2147483647;
			files = (
			);
			runOnlyForDeploymentPostprocessing = 0;
		};
		C89F518B1B4B1C70003711BD /* Frameworks */ = {
			isa = PBXFrameworksBuildPhase;
			buildActionMask = 2147483647;
			files = (
			);
			runOnlyForDeploymentPostprocessing = 0;
		};
/* End PBXFrameworksBuildPhase section */

/* Begin PBXGroup section */
		C89F51701B4B1C70003711BD = {
			isa = PBXGroup;
			children = (
				C89F517B1B4B1C70003711BD /* TestNavigation */,
				C89F51911B4B1C70003711BD /* TestNavigationTests */,
				C89F517A1B4B1C70003711BD /* Products */,
			);
			sourceTree = "<group>";
		};
		C89F517A1B4B1C70003711BD /* Products */ = {
			isa = PBXGroup;
			children = (
				C89F51791B4B1C70003711BD /* TestNavigation.app */,
				C89F518E1B4B1C70003711BD /* TestNavigationTests.xctest */,
			);
			name = Products;
			sourceTree = "<group>";
		};
		C89F517B1B4B1C70003711BD /* TestNavigation */ = {
			isa = PBXGroup;
			children = (
				C89F517E1B4B1C70003711BD /* AppDelegate.swift */,
				C89F51801B4B1C70003711BD /* ViewController.swift */,
				C89F51821B4B1C70003711BD /* Main.storyboard */,
				C89F51851B4B1C70003711BD /* Images.xcassets */,
				C89F51871B4B1C70003711BD /* LaunchScreen.xib */,
				C89F517C1B4B1C70003711BD /* Supporting Files */,
			);
			path = TestNavigation;
			sourceTree = "<group>";
		};
		C89F517C1B4B1C70003711BD /* Supporting Files */ = {
			isa = PBXGroup;
			children = (
				C89F517D1B4B1C70003711BD /* Info.plist */,
			);
			name = "Supporting Files";
			sourceTree = "<group>";
		};
		C89F51911B4B1C70003711BD /* TestNavigationTests */ = {
			isa = PBXGroup;
			children = (
				C89F51941B4B1C70003711BD /* TestNavigationTests.swift */,
				C89F51921B4B1C70003711BD /* Supporting Files */,
			);
			path = TestNavigationTests;
			sourceTree = "<group>";
		};
		C89F51921B4B1C70003711BD /* Supporting Files */ = {
			isa = PBXGroup;
			children = (
				C89F51931B4B1C70003711BD /* Info.plist */,
			);
			name = "Supporting Files";
			sourceTree = "<group>";
		};
/* End PBXGroup section */

/* Begin PBXNativeTarget section */
		C89F51781B4B1C70003711BD /* TestNavigation */ = {
			isa = PBXNativeTarget;
			buildConfigurationList = C89F51981B4B1C70003711BD /* Build configuration list for PBXNativeTarget "TestNavigation" */;
			buildPhases = (
				C89F51751B4B1C70003711BD /* Sources */,
				C89F51761B4B1C70003711BD /* Frameworks */,
				C89F51771B4B1C70003711BD /* Resources */,
			);
			buildRules = (
			);
			dependencies = (
			);
			name = TestNavigation;
			productName = TestNavigation;
			productReference = C89F51791B4B1C70003711BD /* TestNavigation.app */;
			productType = "com.apple.product-type.application";
		};
		C89F518D1B4B1C70003711BD /* TestNavigationTests */ = {
			isa = PBXNativeTarget;
			buildConfigurationList = C89F519B1B4B1C70003711BD /* Build configuration list for PBXNativeTarget "TestNavigationTests" */;
			buildPhases = (
				C89F518A1B4B1C70003711BD /* Sources */,
				C89F518B1B4B1C70003711BD /* Frameworks */,
				C89F518C1B4B1C70003711BD /* Resources */,
			);
			buildRules = (
			);
			dependencies = (
				C89F51901B4B1C70003711BD /* PBXTargetDependency */,
			);
			name = TestNavigationTests;
			productName = TestNavigationTests;
			productReference = C89F518E1B4B1C70003711BD /* TestNavigationTests.xctest */;
			productType = "com.apple.product-type.bundle.unit-test";
		};
/* End PBXNativeTarget section */

/* Begin PBXProject section */
		C89F51711B4B1C70003711BD /* Project object */ = {
			isa = PBXProject;
			attributes = {
				LastUpgradeCheck = 0640;
				ORGANIZATIONNAME = "Zachary Morris";
				TargetAttributes = {
					C89F51781B4B1C70003711BD = {
						CreatedOnToolsVersion = 6.4;
					};
					C89F518D1B4B1C70003711BD = {
						CreatedOnToolsVersion = 6.4;
						TestTargetID = C89F51781B4B1C70003711BD;
					};
				};
			};
			buildConfigurationList = C89F51741B4B1C70003711BD /* Build configuration list for PBXProject "TestNavigation" */;
			compatibilityVersion = "Xcode 3.2";
			developmentRegion = English;
			hasScannedForEncodings = 0;
			knownRegions = (
				en,
				Base,
			);
			mainGroup = C89F51701B4B1C70003711BD;
			productRefGroup = C89F517A1B4B1C70003711BD /* Products */;
			projectDirPath = "";
			projectRoot = "";
			targets = (
				C89F51781B4B1C70003711BD /* TestNavigation */,
				C89F518D1B4B1C70003711BD /* TestNavigationTests */,
			);
		};
/* End PBXProject section */

/* Begin PBXResourcesBuildPhase section */
		C89F51771B4B1C70003711BD /* Resources */ = {
			isa = PBXResourcesBuildPhase;
			buildActionMask = 2147483647;
			files = (
				C89F51841B4B1C70003711BD /* Main.storyboard in Resources */,
				C89F51891B4B1C70003711BD /* LaunchScreen.xib in Resources */,
				C89F51861B4B1C70003711BD /* Images.xcassets in Resources */,
			);
			runOnlyForDeploymentPostprocessing = 0;
		};
		C89F518C1B4B1C70003711BD /* Resources */ = {
			isa = PBXResourcesBuildPhase;
			buildActionMask = 2147483647;
			files = (
			);
			runOnlyForDeploymentPostprocessing = 0;
		};
/* End PBXResourcesBuildPhase section */

/* Begin PBXSourcesBuildPhase section */
		C89F51751B4B1C70003711BD /* Sources */ = {
			isa = PBXSourcesBuildPhase;
			buildActionMask = 2147483647;
			files = (
				C89F51811B4B1C70003711BD /* ViewController.swift in Sources */,
				C89F517F1B4B1C70003711BD /* AppDelegate.swift in Sources */,
			);
			runOnlyForDeploymentPostprocessing = 0;
		};
		C89F518A1B4B1C70003711BD /* Sources */ = {
			isa = PBXSourcesBuildPhase;
			buildActionMask = 2147483647;
			files = (
				C89F51951B4B1C70003711BD /* TestNavigationTests.swift in Sources */,
			);
			runOnlyForDeploymentPostprocessing = 0;
		};
/* End PBXSourcesBuildPhase section */

/* Begin PBXTargetDependency section */
		C89F51901B4B1C70003711BD /* PBXTargetDependency */ = {
			isa = PBXTargetDependency;
			target = C89F51781B4B1C70003711BD /* TestNavigation */;
			targetProxy = C89F518F1B4B1C70003711BD /* PBXContainerItemProxy */;
		};
/* End PBXTargetDependency section */

/* Begin PBXVariantGroup section */
		C89F51821B4B1C70003711BD /* Main.storyboard */ = {
			isa = PBXVariantGroup;
			children = (
				C89F51831B4B1C70003711BD /* Base */,
			);
			name = Main.storyboard;
			sourceTree = "<group>";
		};
		C89F51871B4B1C70003711BD /* LaunchScreen.xib */ = {
			isa = PBXVariantGroup;
			children = (
				C89F51881B4B1C70003711BD /* Base */,
			);
			name = LaunchScreen.xib;
			sourceTree = "<group>";
		};
/* End PBXVariantGroup section */

/* Begin XCBuildConfiguration section */
		C89F51961B4B1C70003711BD /* Debug */ = {
			isa = XCBuildConfiguration;
			buildSettings = {
				ALWAYS_SEARCH_USER_PATHS = NO;
				CLANG_CXX_LANGUAGE_STANDARD = "gnu++0x";
				CLANG_CXX_LIBRARY = "libc++";
				CLANG_ENABLE_MODULES = YES;
				CLANG_ENABLE_OBJC_ARC = YES;
				CLANG_WARN_BOOL_CONVERSION = YES;
				CLANG_WARN_CONSTANT_CONVERSION = YES;
				CLANG_WARN_DIRECT_OBJC_ISA_USAGE = YES_ERROR;
				CLANG_WARN_EMPTY_BODY = YES;
				CLANG_WARN_ENUM_CONVERSION = YES;
				CLANG_WARN_INT_CONVERSION = YES;
				CLANG_WARN_OBJC_ROOT_CLASS = YES_ERROR;
				CLANG_WARN_UNREACHABLE_CODE = YES;
				CLANG_WARN__DUPLICATE_METHOD_MATCH = YES;
				"CODE_SIGN_IDENTITY[sdk=iphoneos*]" = "iPhone Developer";
				COPY_PHASE_STRIP = NO;
				DEBUG_INFORMATION_FORMAT = "dwarf-with-dsym";
				ENABLE_STRICT_OBJC_MSGSEND = YES;
				GCC_C_LANGUAGE_STANDARD = gnu99;
				GCC_DYNAMIC_NO_PIC = NO;
				GCC_NO_COMMON_BLOCKS = YES;
				GCC_OPTIMIZATION_LEVEL = 0;
				GCC_PREPROCESSOR_DEFINITIONS = (
					"DEBUG=1",
					"$(inherited)",
				);
				GCC_SYMBOLS_PRIVATE_EXTERN = NO;
				GCC_WARN_64_TO_32_BIT_CONVERSION = YES;
				GCC_WARN_ABOUT_RETURN_TYPE = YES_ERROR;
				GCC_WARN_UNDECLARED_SELECTOR = YES;
				GCC_WARN_UNINITIALIZED_AUTOS = YES_AGGRESSIVE;
				GCC_WARN_UNUSED_FUNCTION = YES;
				GCC_WARN_UNUSED_VARIABLE = YES;
				IPHONEOS_DEPLOYMENT_TARGET = 8.4;
				MTL_ENABLE_DEBUG_INFO = YES;
				ONLY_ACTIVE_ARCH = YES;
				SDKROOT = iphoneos;
				SWIFT_OPTIMIZATION_LEVEL = "-Onone";
				TARGETED_DEVICE_FAMILY = "1,2";
			};
			name = Debug;
		};
		C89F51971B4B1C70003711BD /* Release */ = {
			isa = XCBuildConfiguration;
			buildSettings = {
				ALWAYS_SEARCH_USER_PATHS = NO;
				CLANG_CXX_LANGUAGE_STANDARD = "gnu++0x";
				CLANG_CXX_LIBRARY = "libc++";
				CLANG_ENABLE_MODULES = YES;
				CLANG_ENABLE_OBJC_ARC = YES;
				CLANG_WARN_BOOL_CONVERSION = YES;
				CLANG_WARN_CONSTANT_CONVERSION = YES;
				CLANG_WARN_DIRECT_OBJC_ISA_USAGE = YES_ERROR;
				CLANG_WARN_EMPTY_BODY = YES;
				CLANG_WARN_ENUM_CONVERSION = YES;
				CLANG_WARN_INT_CONVERSION = YES;
				CLANG_WARN_OBJC_ROOT_CLASS = YES_ERROR;
				CLANG_WARN_UNREACHABLE_CODE = YES;
				CLANG_WARN__DUPLICATE_METHOD_MATCH = YES;
				"CODE_SIGN_IDENTITY[sdk=iphoneos*]" = "iPhone Developer";
				COPY_PHASE_STRIP = NO;
				DEBUG_INFORMATION_FORMAT = "dwarf-with-dsym";
				ENABLE_NS_ASSERTIONS = NO;
				ENABLE_STRICT_OBJC_MSGSEND = YES;
				GCC_C_LANGUAGE_STANDARD = gnu99;
				GCC_NO_COMMON_BLOCKS = YES;
				GCC_WARN_64_TO_32_BIT_CONVERSION = YES;
				GCC_WARN_ABOUT_RETURN_TYPE = YES_ERROR;
				GCC_WARN_UNDECLARED_SELECTOR = YES;
				GCC_WARN_UNINITIALIZED_AUTOS = YES_AGGRESSIVE;
				GCC_WARN_UNUSED_FUNCTION = YES;
				GCC_WARN_UNUSED_VARIABLE = YES;
				IPHONEOS_DEPLOYMENT_TARGET = 8.4;
				MTL_ENABLE_DEBUG_INFO = NO;
				SDKROOT = iphoneos;
				TARGETED_DEVICE_FAMILY = "1,2";
				VALIDATE_PRODUCT = YES;
			};
			name = Release;
		};
		C89F51991B4B1C70003711BD /* Debug */ = {
			isa = XCBuildConfiguration;
			buildSettings = {
				ASSETCATALOG_COMPILER_APPICON_NAME = AppIcon;
				INFOPLIST_FILE = TestNavigation/Info.plist;
				LD_RUNPATH_SEARCH_PATHS = "$(inherited) @executable_path/Frameworks";
				PRODUCT_NAME = "$(TARGET_NAME)";
			};
			name = Debug;
		};
		C89F519A1B4B1C70003711BD /* Release */ = {
			isa = XCBuildConfiguration;
			buildSettings = {
				ASSETCATALOG_COMPILER_APPICON_NAME = AppIcon;
				INFOPLIST_FILE = TestNavigation/Info.plist;
				LD_RUNPATH_SEARCH_PATHS = "$(inherited) @executable_path/Frameworks";
				PRODUCT_NAME = "$(TARGET_NAME)";
			};
			name = Release;
		};
		C89F519C1B4B1C70003711BD /* Debug */ = {
			isa = XCBuildConfiguration;
			buildSettings = {
				BUNDLE_LOADER = "$(TEST_HOST)";
				FRAMEWORK_SEARCH_PATHS = (
					"$(SDKROOT)/Developer/Library/Frameworks",
					"$(inherited)",
				);
				GCC_PREPROCESSOR_DEFINITIONS = (
					"DEBUG=1",
					"$(inherited)",
				);
				INFOPLIST_FILE = TestNavigationTests/Info.plist;
				LD_RUNPATH_SEARCH_PATHS = "$(inherited) @executable_path/Frameworks @loader_path/Frameworks";
				PRODUCT_NAME = "$(TARGET_NAME)";
				TEST_HOST = "$(BUILT_PRODUCTS_DIR)/TestNavigation.app/TestNavigation";
			};
			name = Debug;
		};
		C89F519D1B4B1C70003711BD /* Release */ = {
			isa = XCBuildConfiguration;
			buildSettings = {
				BUNDLE_LOADER = "$(TEST_HOST)";
				FRAMEWORK_SEARCH_PATHS = (
					"$(SDKROOT)/Developer/Library/Frameworks",
					"$(inherited)",
				);
				INFOPLIST_FILE = TestNavigationTests/Info.plist;
				LD_RUNPATH_SEARCH_PATHS = "$(inherited) @executable_path/Frameworks @loader_path/Frameworks";
				PRODUCT_NAME = "$(TARGET_NAME)";
				TEST_HOST = "$(BUILT_PRODUCTS_DIR)/TestNavigation.app/TestNavigation";
			};
			name = Release;
		};
/* End XCBuildConfiguration section */

/* Begin XCConfigurationList section */
		C89F51741B4B1C70003711BD /* Build configuration list for PBXProject "TestNavigation" */ = {
			isa = XCConfigurationList;
			buildConfigurations = (
				C89F51961B4B1C70003711BD /* Debug */,
				C89F51971B4B1C70003711BD /* Release */,
			);
			defaultConfigurationIsVisible = 0;
			defaultConfigurationName = Release;
		};
		C89F51981B4B1C70003711BD /* Build configuration list for PBXNativeTarget "TestNavigation" */ = {
			isa = XCConfigurationList;
			buildConfigurations = (
				C89F51991B4B1C70003711BD /* Debug */,
				C89F519A1B4B1C70003711BD /* Release */,
			);
			defaultConfigurationIsVisible = 0;
		};
		C89F519B1B4B1C70003711BD /* Build configuration list for PBXNativeTarget "TestNavigationTests" */ = {
			isa = XCConfigurationList;
			buildConfigurations = (
				C89F519C1B4B1C70003711BD /* Debug */,
				C89F519D1B4B1C70003711BD /* Release */,
			);
			defaultConfigurationIsVisible = 0;
		};
/* End XCConfigurationList section */
	};
	rootObject = C89F51711B4B1C70003711BD /* Project object */;
}
